{
  "name": "learn-vue3-native-code",
  "version": "1.0.0",
  "lockfileVersion": 2,
  "requires": true,
  "packages": {
    "": {
      "name": "learn-vue3-native-code",
      "version": "1.0.0",
      "license": "MIT",
      "workspaces": [
        "packages/*"
      ]
    },
    "node_modules/reactivity": {
      "resolved": "packages/reactivity",
      "link": true
    },
    "node_modules/shared": {
      "resolved": "packages/shared",
      "link": true
    },
    "packages/reactivity": {
      "version": "1.0.0",
      "license": "MIT"
    },
    "packages/shared": {
      "version": "1.0.0",
      "license": "MIT"
    }
  },
  "dependencies": {
    "reactivity": {
      "version": "file:packages/reactivity"
    },
    "shared": {
      "version": "file:packages/shared"
    }
  }
}
